
Microsoft Visual Studio Solution File, Format Version 12.00
# Visual Studio Version 17
VisualStudioVersion = 17.12.35527.113
MinimumVisualStudioVersion = 10.0.40219.1
Project("{FAE04EC0-301F-11D3-BF4B-00C04F79EFBC}") = "EmpTracker.Identity.Api", "src\EmpTracker.Identity.Api\EmpTracker.Identity.Api.csproj", "{DE6F3F65-0A5F-4CC9-9F39-D5B2AA326629}"
EndProject
Project("{FAE04EC0-301F-11D3-BF4B-00C04F79EFBC}") = "EmpTracker.Identity.Infrastructure", "src\EmpTracker.Identity.Infrastructure\EmpTracker.Identity.Infrastructure.csproj", "{20F33170-9DAA-4112-99B1-691EB107E30C}"
EndProject
Project("{FAE04EC0-301F-11D3-BF4B-00C04F79EFBC}") = "EmpTracker.Identity.Core", "src\EmpTracker.Identity.Core\EmpTracker.Identity.Core.csproj", "{C780C03D-5C12-4374-90B2-17C019199225}"
EndProject
Project("{FAE04EC0-301F-11D3-BF4B-00C04F79EFBC}") = "EmpTracker.Identity.Application", "src\EmpTracker.Identity.Application\EmpTracker.Identity.Application.csproj", "{E7EFC585-4D91-4F97-92D0-765665327C95}"
EndProject
Project("{FAE04EC0-301F-11D3-BF4B-00C04F79EFBC}") = "EmpTracker.EventBus.Contracts", "..\EmpTracker.EventBus.Contracts\EmpTracker.EventBus.Contracts.csproj", "{9977A2AF-EEA4-4795-BF8F-F316D30D04AF}"
EndProject
Global
	GlobalSection(SolutionConfigurationPlatforms) = preSolution
		Debug|Any CPU = Debug|Any CPU
		Release|Any CPU = Release|Any CPU
	EndGlobalSection
	GlobalSection(ProjectConfigurationPlatforms) = postSolution
		{DE6F3F65-0A5F-4CC9-9F39-D5B2AA326629}.Debug|Any CPU.ActiveCfg = Debug|Any CPU
		{DE6F3F65-0A5F-4CC9-9F39-D5B2AA326629}.Debug|Any CPU.Build.0 = Debug|Any CPU
		{DE6F3F65-0A5F-4CC9-9F39-D5B2AA326629}.Release|Any CPU.ActiveCfg = Release|Any CPU
		{DE6F3F65-0A5F-4CC9-9F39-D5B2AA326629}.Release|Any CPU.Build.0 = Release|Any CPU
		{20F33170-9DAA-4112-99B1-691EB107E30C}.Debug|Any CPU.ActiveCfg = Debug|Any CPU
		{20F33170-9DAA-4112-99B1-691EB107E30C}.Debug|Any CPU.Build.0 = Debug|Any CPU
		{20F33170-9DAA-4112-99B1-691EB107E30C}.Release|Any CPU.ActiveCfg = Release|Any CPU
		{20F33170-9DAA-4112-99B1-691EB107E30C}.Release|Any CPU.Build.0 = Release|Any CPU
		{C780C03D-5C12-4374-90B2-17C019199225}.Debug|Any CPU.ActiveCfg = Debug|Any CPU
		{C780C03D-5C12-4374-90B2-17C019199225}.Debug|Any CPU.Build.0 = Debug|Any CPU
		{C780C03D-5C12-4374-90B2-17C019199225}.Release|Any CPU.ActiveCfg = Release|Any CPU
		{C780C03D-5C12-4374-90B2-17C019199225}.Release|Any CPU.Build.0 = Release|Any CPU
		{E7EFC585-4D91-4F97-92D0-765665327C95}.Debug|Any CPU.ActiveCfg = Debug|Any CPU
		{E7EFC585-4D91-4F97-92D0-765665327C95}.Debug|Any CPU.Build.0 = Debug|Any CPU
		{E7EFC585-4D91-4F97-92D0-765665327C95}.Release|Any CPU.ActiveCfg = Release|Any CPU
		{E7EFC585-4D91-4F97-92D0-765665327C95}.Release|Any CPU.Build.0 = Release|Any CPU
		{9977A2AF-EEA4-4795-BF8F-F316D30D04AF}.Debug|Any CPU.ActiveCfg = Debug|Any CPU
		{9977A2AF-EEA4-4795-BF8F-F316D30D04AF}.Debug|Any CPU.Build.0 = Debug|Any CPU
		{9977A2AF-EEA4-4795-BF8F-F316D30D04AF}.Release|Any CPU.ActiveCfg = Release|Any CPU
		{9977A2AF-EEA4-4795-BF8F-F316D30D04AF}.Release|Any CPU.Build.0 = Release|Any CPU
	EndGlobalSection
	GlobalSection(SolutionProperties) = preSolution
		HideSolutionNode = FALSE
	EndGlobalSection
EndGlobal
